
Microsoft Visual Studio Solution File, Format Version 12.00
# Visual Studio Version 16
VisualStudioVersion = 16.0.30804.86
MinimumVisualStudioVersion = 10.0.40219.1
Project("{8BC9CEB8-8B4A-11D0-8D11-00A0C91BC942}") = "PCI954Driver", "PCI954Driver\PCI954Driver.vcxproj", "{CD3683B7-6A1B-4AEF-9F9F-4D036A182F6D}"
EndProject
Project("{8BC9CEB8-8B4A-11D0-8D11-00A0C91BC942}") = "KGL3U24", "KGL3U24\KGL3U24.vcxproj", "{4D96B76C-57DF-4BE3-8ADD-CCB8B7A7D6B3}"
EndProject
Global
	GlobalSection(SolutionConfigurationPlatforms) = preSolution
		Debug|ARM = Debug|ARM
		Debug|ARM64 = Debug|ARM64
		Debug|x64 = Debug|x64
		Debug|x86 = Debug|x86
		Release|ARM = Release|ARM
		Release|ARM64 = Release|ARM64
		Release|x64 = Release|x64
		Release|x86 = Release|x86
	EndGlobalSection
	GlobalSection(ProjectConfigurationPlatforms) = postSolution
		{CD3683B7-6A1B-4AEF-9F9F-4D036A182F6D}.Debug|ARM.ActiveCfg = Debug|ARM
		{CD3683B7-6A1B-4AEF-9F9F-4D036A182F6D}.Debug|ARM.Build.0 = Debug|ARM
		{CD3683B7-6A1B-4AEF-9F9F-4D036A182F6D}.Debug|ARM.Deploy.0 = Debug|ARM
		{CD3683B7-6A1B-4AEF-9F9F-4D036A182F6D}.Debug|ARM64.ActiveCfg = Debug|ARM64
		{CD3683B7-6A1B-4AEF-9F9F-4D036A182F6D}.Debug|ARM64.Build.0 = Debug|ARM64
		{CD3683B7-6A1B-4AEF-9F9F-4D036A182F6D}.Debug|ARM64.Deploy.0 = Debug|ARM64
		{CD3683B7-6A1B-4AEF-9F9F-4D036A182F6D}.Debug|x64.ActiveCfg = Debug|x64
		{CD3683B7-6A1B-4AEF-9F9F-4D036A182F6D}.Debug|x64.Build.0 = Debug|x64
		{CD3683B7-6A1B-4AEF-9F9F-4D036A182F6D}.Debug|x64.Deploy.0 = Debug|x64
		{CD3683B7-6A1B-4AEF-9F9F-4D036A182F6D}.Debug|x86.ActiveCfg = Debug|Win32
		{CD3683B7-6A1B-4AEF-9F9F-4D036A182F6D}.Debug|x86.Build.0 = Debug|Win32
		{CD3683B7-6A1B-4AEF-9F9F-4D036A182F6D}.Debug|x86.Deploy.0 = Debug|Win32
		{CD3683B7-6A1B-4AEF-9F9F-4D036A182F6D}.Release|ARM.ActiveCfg = Release|ARM
		{CD3683B7-6A1B-4AEF-9F9F-4D036A182F6D}.Release|ARM.Build.0 = Release|ARM
		{CD3683B7-6A1B-4AEF-9F9F-4D036A182F6D}.Release|ARM.Deploy.0 = Release|ARM
		{CD3683B7-6A1B-4AEF-9F9F-4D036A182F6D}.Release|ARM64.ActiveCfg = Release|ARM64
		{CD3683B7-6A1B-4AEF-9F9F-4D036A182F6D}.Release|ARM64.Build.0 = Release|ARM64
		{CD3683B7-6A1B-4AEF-9F9F-4D036A182F6D}.Release|ARM64.Deploy.0 = Release|ARM64
		{CD3683B7-6A1B-4AEF-9F9F-4D036A182F6D}.Release|x64.ActiveCfg = Release|x64
		{CD3683B7-6A1B-4AEF-9F9F-4D036A182F6D}.Release|x64.Build.0 = Release|x64
		{CD3683B7-6A1B-4AEF-9F9F-4D036A182F6D}.Release|x64.Deploy.0 = Release|x64
		{CD3683B7-6A1B-4AEF-9F9F-4D036A182F6D}.Release|x86.ActiveCfg = Release|Win32
		{CD3683B7-6A1B-4AEF-9F9F-4D036A182F6D}.Release|x86.Build.0 = Release|Win32
		{CD3683B7-6A1B-4AEF-9F9F-4D036A182F6D}.Release|x86.Deploy.0 = Release|Win32
		{4D96B76C-57DF-4BE3-8ADD-CCB8B7A7D6B3}.Debug|ARM.ActiveCfg = Debug|ARM
		{4D96B76C-57DF-4BE3-8ADD-CCB8B7A7D6B3}.Debug|ARM.Build.0 = Debug|ARM
		{4D96B76C-57DF-4BE3-8ADD-CCB8B7A7D6B3}.Debug|ARM.Deploy.0 = Debug|ARM
		{4D96B76C-57DF-4BE3-8ADD-CCB8B7A7D6B3}.Debug|ARM64.ActiveCfg = Debug|ARM64
		{4D96B76C-57DF-4BE3-8ADD-CCB8B7A7D6B3}.Debug|ARM64.Build.0 = Debug|ARM64
		{4D96B76C-57DF-4BE3-8ADD-CCB8B7A7D6B3}.Debug|ARM64.Deploy.0 = Debug|ARM64
		{4D96B76C-57DF-4BE3-8ADD-CCB8B7A7D6B3}.Debug|x64.ActiveCfg = Debug|x64
		{4D96B76C-57DF-4BE3-8ADD-CCB8B7A7D6B3}.Debug|x64.Build.0 = Debug|x64
		{4D96B76C-57DF-4BE3-8ADD-CCB8B7A7D6B3}.Debug|x64.Deploy.0 = Debug|x64
		{4D96B76C-57DF-4BE3-8ADD-CCB8B7A7D6B3}.Debug|x86.ActiveCfg = Debug|Win32
		{4D96B76C-57DF-4BE3-8ADD-CCB8B7A7D6B3}.Debug|x86.Build.0 = Debug|Win32
		{4D96B76C-57DF-4BE3-8ADD-CCB8B7A7D6B3}.Debug|x86.Deploy.0 = Debug|Win32
		{4D96B76C-57DF-4BE3-8ADD-CCB8B7A7D6B3}.Release|ARM.ActiveCfg = Release|ARM
		{4D96B76C-57DF-4BE3-8ADD-CCB8B7A7D6B3}.Release|ARM.Build.0 = Release|ARM
		{4D96B76C-57DF-4BE3-8ADD-CCB8B7A7D6B3}.Release|ARM.Deploy.0 = Release|ARM
		{4D96B76C-57DF-4BE3-8ADD-CCB8B7A7D6B3}.Release|ARM64.ActiveCfg = Release|ARM64
		{4D96B76C-57DF-4BE3-8ADD-CCB8B7A7D6B3}.Release|ARM64.Build.0 = Release|ARM64
		{4D96B76C-57DF-4BE3-8ADD-CCB8B7A7D6B3}.Release|ARM64.Deploy.0 = Release|ARM64
		{4D96B76C-57DF-4BE3-8ADD-CCB8B7A7D6B3}.Release|x64.ActiveCfg = Release|x64
		{4D96B76C-57DF-4BE3-8ADD-CCB8B7A7D6B3}.Release|x64.Build.0 = Release|x64
		{4D96B76C-57DF-4BE3-8ADD-CCB8B7A7D6B3}.Release|x64.Deploy.0 = Release|x64
		{4D96B76C-57DF-4BE3-8ADD-CCB8B7A7D6B3}.Release|x86.ActiveCfg = Release|Win32
		{4D96B76C-57DF-4BE3-8ADD-CCB8B7A7D6B3}.Release|x86.Build.0 = Release|Win32
		{4D96B76C-57DF-4BE3-8ADD-CCB8B7A7D6B3}.Release|x86.Deploy.0 = Release|Win32
	EndGlobalSection
	GlobalSection(SolutionProperties) = preSolution
		HideSolutionNode = FALSE
	EndGlobalSection
	GlobalSection(ExtensibilityGlobals) = postSolution
		SolutionGuid = {7124DB43-C78F-4D10-AF09-843E75419653}
	EndGlobalSection
EndGlobal
